// !$*UTF8*$!
{
	archiveVersion = 1;
	classes = {
	};
	objectVersion = 56;
	objects = {

/* Begin PBXBuildFile section */
		B2ACAD602AD24243005485AC /* AppDelegate.swift in Sources */ = {isa = PBXBuildFile; fileRef = B2ACAD5F2AD24243005485AC /* AppDelegate.swift */; };
		B2ACAD622AD24243005485AC /* ViewController.swift in Sources */ = {isa = PBXBuildFile; fileRef = B2ACAD612AD24243005485AC /* ViewController.swift */; };
		B2ACAD642AD24245005485AC /* Assets.xcassets in Resources */ = {isa = PBXBuildFile; fileRef = B2ACAD632AD24245005485AC /* Assets.xcassets */; };
		B2ACAD672AD24245005485AC /* Main.storyboard in Resources */ = {isa = PBXBuildFile; fileRef = B2ACAD652AD24245005485AC /* Main.storyboard */; };
		B2ACAD722AD24245005485AC /* CodableHelperTests.swift in Sources */ = {isa = PBXBuildFile; fileRef = B2ACAD712AD24245005485AC /* CodableHelperTests.swift */; };
		B2ACAD7C2AD24245005485AC /* CodableHelperUITests.swift in Sources */ = {isa = PBXBuildFile; fileRef = B2ACAD7B2AD24245005485AC /* CodableHelperUITests.swift */; };
		B2ACAD7E2AD24245005485AC /* CodableHelperUITestsLaunchTests.swift in Sources */ = {isa = PBXBuildFile; fileRef = B2ACAD7D2AD24245005485AC /* CodableHelperUITestsLaunchTests.swift */; };
		B2ACAD912AD24253005485AC /* Cocoa.framework in Frameworks */ = {isa = PBXBuildFile; fileRef = B2ACAD902AD24253005485AC /* Cocoa.framework */; };
		B2ACAD962AD24253005485AC /* SourceEditorExtension.swift in Sources */ = {isa = PBXBuildFile; fileRef = B2ACAD952AD24253005485AC /* SourceEditorExtension.swift */; };
		B2ACAD982AD24253005485AC /* SourceEditorCommand.swift in Sources */ = {isa = PBXBuildFile; fileRef = B2ACAD972AD24253005485AC /* SourceEditorCommand.swift */; };
		B2ACAD9D2AD24253005485AC /* CodableHelperEx.appex in Embed Foundation Extensions */ = {isa = PBXBuildFile; fileRef = B2ACAD8E2AD24253005485AC /* CodableHelperEx.appex */; settings = {ATTRIBUTES = (RemoveHeadersOnCopy, ); }; };
		B2ACADA32AD24278005485AC /* XcodeKit.framework in Frameworks */ = {isa = PBXBuildFile; fileRef = B2ACADA22AD24278005485AC /* XcodeKit.framework */; };
		B2ACADA42AD24278005485AC /* XcodeKit.framework in Embed Frameworks */ = {isa = PBXBuildFile; fileRef = B2ACADA22AD24278005485AC /* XcodeKit.framework */; settings = {ATTRIBUTES = (CodeSignOnCopy, RemoveHeadersOnCopy, ); }; };
		B2ACADAB2AD2BAC3005485AC /* PropertyEntity.swift in Sources */ = {isa = PBXBuildFile; fileRef = B2ACADAA2AD2BAC3005485AC /* PropertyEntity.swift */; };
/* End PBXBuildFile section */

/* Begin PBXContainerItemProxy section */
		B2ACAD6E2AD24245005485AC /* PBXContainerItemProxy */ = {
			isa = PBXContainerItemProxy;
			containerPortal = B2ACAD542AD24243005485AC /* Project object */;
			proxyType = 1;
			remoteGlobalIDString = B2ACAD5B2AD24243005485AC;
			remoteInfo = CodableHelper;
		};
		B2ACAD782AD24245005485AC /* PBXContainerItemProxy */ = {
			isa = PBXContainerItemProxy;
			containerPortal = B2ACAD542AD24243005485AC /* Project object */;
			proxyType = 1;
			remoteGlobalIDString = B2ACAD5B2AD24243005485AC;
			remoteInfo = CodableHelper;
		};
		B2ACAD9B2AD24253005485AC /* PBXContainerItemProxy */ = {
			isa = PBXContainerItemProxy;
			containerPortal = B2ACAD542AD24243005485AC /* Project object */;
			proxyType = 1;
			remoteGlobalIDString = B2ACAD8D2AD24253005485AC;
			remoteInfo = CodableHelperEx;
		};
/* End PBXContainerItemProxy section */

/* Begin PBXCopyFilesBuildPhase section */
		B2ACADA12AD24253005485AC /* Embed Foundation Extensions */ = {
			isa = PBXCopyFilesBuildPhase;
			buildActionMask = 2147483647;
			dstPath = "";
			dstSubfolderSpec = 13;
			files = (
				B2ACAD9D2AD24253005485AC /* CodableHelperEx.appex in Embed Foundation Extensions */,
			);
			name = "Embed Foundation Extensions";
			runOnlyForDeploymentPostprocessing = 0;
		};
		B2ACADA52AD24278005485AC /* Embed Frameworks */ = {
			isa = PBXCopyFilesBuildPhase;
			buildActionMask = 2147483647;
			dstPath = "";
			dstSubfolderSpec = 10;
			files = (
				B2ACADA42AD24278005485AC /* XcodeKit.framework in Embed Frameworks */,
			);
			name = "Embed Frameworks";
			runOnlyForDeploymentPostprocessing = 0;
		};
/* End PBXCopyFilesBuildPhase section */

/* Begin PBXFileReference section */
		B2ACAD5C2AD24243005485AC /* CodableHelper.app */ = {isa = PBXFileReference; explicitFileType = wrapper.application; includeInIndex = 0; path = CodableHelper.app; sourceTree = BUILT_PRODUCTS_DIR; };
		B2ACAD5F2AD24243005485AC /* AppDelegate.swift */ = {isa = PBXFileReference; lastKnownFileType = sourcecode.swift; path = AppDelegate.swift; sourceTree = "<group>"; };
		B2ACAD612AD24243005485AC /* ViewController.swift */ = {isa = PBXFileReference; lastKnownFileType = sourcecode.swift; path = ViewController.swift; sourceTree = "<group>"; };
		B2ACAD632AD24245005485AC /* Assets.xcassets */ = {isa = PBXFileReference; lastKnownFileType = folder.assetcatalog; path = Assets.xcassets; sourceTree = "<group>"; };
		B2ACAD662AD24245005485AC /* Base */ = {isa = PBXFileReference; lastKnownFileType = file.storyboard; name = Base; path = Base.lproj/Main.storyboard; sourceTree = "<group>"; };
		B2ACAD682AD24245005485AC /* CodableHelper.entitlements */ = {isa = PBXFileReference; lastKnownFileType = text.plist.entitlements; path = CodableHelper.entitlements; sourceTree = "<group>"; };
		B2ACAD6D2AD24245005485AC /* CodableHelperTests.xctest */ = {isa = PBXFileReference; explicitFileType = wrapper.cfbundle; includeInIndex = 0; path = CodableHelperTests.xctest; sourceTree = BUILT_PRODUCTS_DIR; };
		B2ACAD712AD24245005485AC /* CodableHelperTests.swift */ = {isa = PBXFileReference; lastKnownFileType = sourcecode.swift; path = CodableHelperTests.swift; sourceTree = "<group>"; };
		B2ACAD772AD24245005485AC /* CodableHelperUITests.xctest */ = {isa = PBXFileReference; explicitFileType = wrapper.cfbundle; includeInIndex = 0; path = CodableHelperUITests.xctest; sourceTree = BUILT_PRODUCTS_DIR; };
		B2ACAD7B2AD24245005485AC /* CodableHelperUITests.swift */ = {isa = PBXFileReference; lastKnownFileType = sourcecode.swift; path = CodableHelperUITests.swift; sourceTree = "<group>"; };
		B2ACAD7D2AD24245005485AC /* CodableHelperUITestsLaunchTests.swift */ = {isa = PBXFileReference; lastKnownFileType = sourcecode.swift; path = CodableHelperUITestsLaunchTests.swift; sourceTree = "<group>"; };
		B2ACAD8E2AD24253005485AC /* CodableHelperEx.appex */ = {isa = PBXFileReference; explicitFileType = "wrapper.app-extension"; includeInIndex = 0; path = CodableHelperEx.appex; sourceTree = BUILT_PRODUCTS_DIR; };
		B2ACAD902AD24253005485AC /* Cocoa.framework */ = {isa = PBXFileReference; lastKnownFileType = wrapper.framework; name = Cocoa.framework; path = System/Library/Frameworks/Cocoa.framework; sourceTree = SDKROOT; };
		B2ACAD922AD24253005485AC /* XcodeKit.framework */ = {isa = PBXFileReference; lastKnownFileType = wrapper.framework; name = XcodeKit.framework; path = Library/Frameworks/XcodeKit.framework; sourceTree = DEVELOPER_DIR; };
		B2ACAD952AD24253005485AC /* SourceEditorExtension.swift */ = {isa = PBXFileReference; lastKnownFileType = sourcecode.swift; path = SourceEditorExtension.swift; sourceTree = "<group>"; };
		B2ACAD972AD24253005485AC /* SourceEditorCommand.swift */ = {isa = PBXFileReference; lastKnownFileType = sourcecode.swift; path = SourceEditorCommand.swift; sourceTree = "<group>"; };
		B2ACAD992AD24253005485AC /* Info.plist */ = {isa = PBXFileReference; lastKnownFileType = text.plist.xml; path = Info.plist; sourceTree = "<group>"; };
		B2ACAD9A2AD24253005485AC /* CodableHelperEx.entitlements */ = {isa = PBXFileReference; lastKnownFileType = text.plist.entitlements; path = CodableHelperEx.entitlements; sourceTree = "<group>"; };
		B2ACADA22AD24278005485AC /* XcodeKit.framework */ = {isa = PBXFileReference; lastKnownFileType = wrapper.framework; name = XcodeKit.framework; path = Library/Frameworks/XcodeKit.framework; sourceTree = DEVELOPER_DIR; };
		B2ACADAA2AD2BAC3005485AC /* PropertyEntity.swift */ = {isa = PBXFileReference; lastKnownFileType = sourcecode.swift; path = PropertyEntity.swift; sourceTree = "<group>"; };
/* End PBXFileReference section */

/* Begin PBXFrameworksBuildPhase section */
		B2ACAD592AD24243005485AC /* Frameworks */ = {
			isa = PBXFrameworksBuildPhase;
			buildActionMask = 2147483647;
			files = (
			);
			runOnlyForDeploymentPostprocessing = 0;
		};
		B2ACAD6A2AD24245005485AC /* Frameworks */ = {
			isa = PBXFrameworksBuildPhase;
			buildActionMask = 2147483647;
			files = (
			);
			runOnlyForDeploymentPostprocessing = 0;
		};
		B2ACAD742AD24245005485AC /* Frameworks */ = {
			isa = PBXFrameworksBuildPhase;
			buildActionMask = 2147483647;
			files = (
			);
			runOnlyForDeploymentPostprocessing = 0;
		};
		B2ACAD8B2AD24253005485AC /* Frameworks */ = {
			isa = PBXFrameworksBuildPhase;
			buildActionMask = 2147483647;
			files = (
				B2ACAD912AD24253005485AC /* Cocoa.framework in Frameworks */,
				B2ACADA32AD24278005485AC /* XcodeKit.framework in Frameworks */,
			);
			runOnlyForDeploymentPostprocessing = 0;
		};
/* End PBXFrameworksBuildPhase section */

/* Begin PBXGroup section */
		B2ACAD532AD24243005485AC = {
			isa = PBXGroup;
			children = (
				B2ACAD5E2AD24243005485AC /* CodableHelper */,
				B2ACAD702AD24245005485AC /* CodableHelperTests */,
				B2ACAD7A2AD24245005485AC /* CodableHelperUITests */,
				B2ACAD942AD24253005485AC /* CodableHelperEx */,
				B2ACAD8F2AD24253005485AC /* Frameworks */,
				B2ACAD5D2AD24243005485AC /* Products */,
			);
			sourceTree = "<group>";
		};
		B2ACAD5D2AD24243005485AC /* Products */ = {
			isa = PBXGroup;
			children = (
				B2ACAD5C2AD24243005485AC /* CodableHelper.app */,
				B2ACAD6D2AD24245005485AC /* CodableHelperTests.xctest */,
				B2ACAD772AD24245005485AC /* CodableHelperUITests.xctest */,
				B2ACAD8E2AD24253005485AC /* CodableHelperEx.appex */,
			);
			name = Products;
			sourceTree = "<group>";
		};
		B2ACAD5E2AD24243005485AC /* CodableHelper */ = {
			isa = PBXGroup;
			children = (
				B2ACAD5F2AD24243005485AC /* AppDelegate.swift */,
				B2ACAD612AD24243005485AC /* ViewController.swift */,
				B2ACAD632AD24245005485AC /* Assets.xcassets */,
				B2ACAD652AD24245005485AC /* Main.storyboard */,
				B2ACAD682AD24245005485AC /* CodableHelper.entitlements */,
			);
			path = CodableHelper;
			sourceTree = "<group>";
		};
		B2ACAD702AD24245005485AC /* CodableHelperTests */ = {
			isa = PBXGroup;
			children = (
				B2ACAD712AD24245005485AC /* CodableHelperTests.swift */,
			);
			path = CodableHelperTests;
			sourceTree = "<group>";
		};
		B2ACAD7A2AD24245005485AC /* CodableHelperUITests */ = {
			isa = PBXGroup;
			children = (
				B2ACAD7B2AD24245005485AC /* CodableHelperUITests.swift */,
				B2ACAD7D2AD24245005485AC /* CodableHelperUITestsLaunchTests.swift */,
			);
			path = CodableHelperUITests;
			sourceTree = "<group>";
		};
		B2ACAD8F2AD24253005485AC /* Frameworks */ = {
			isa = PBXGroup;
			children = (
				B2ACADA22AD24278005485AC /* XcodeKit.framework */,
				B2ACAD902AD24253005485AC /* Cocoa.framework */,
				B2ACAD922AD24253005485AC /* XcodeKit.framework */,
			);
			name = Frameworks;
			sourceTree = "<group>";
		};
		B2ACAD942AD24253005485AC /* CodableHelperEx */ = {
			isa = PBXGroup;
			children = (
				B2ACAD952AD24253005485AC /* SourceEditorExtension.swift */,
				B2ACAD972AD24253005485AC /* SourceEditorCommand.swift */,
				B2ACADAA2AD2BAC3005485AC /* PropertyEntity.swift */,
				B2ACAD992AD24253005485AC /* Info.plist */,
				B2ACAD9A2AD24253005485AC /* CodableHelperEx.entitlements */,
			);
			path = CodableHelperEx;
			sourceTree = "<group>";
		};
/* End PBXGroup section */

/* Begin PBXNativeTarget section */
		B2ACAD5B2AD24243005485AC /* CodableHelper */ = {
			isa = PBXNativeTarget;
			buildConfigurationList = B2ACAD812AD24245005485AC /* Build configuration list for PBXNativeTarget "CodableHelper" */;
			buildPhases = (
				B2ACAD582AD24243005485AC /* Sources */,
				B2ACAD592AD24243005485AC /* Frameworks */,
				B2ACAD5A2AD24243005485AC /* Resources */,
				B2ACADA12AD24253005485AC /* Embed Foundation Extensions */,
			);
			buildRules = (
			);
			dependencies = (
				B2ACAD9C2AD24253005485AC /* PBXTargetDependency */,
			);
			name = CodableHelper;
			productName = CodableHelper;
			productReference = B2ACAD5C2AD24243005485AC /* CodableHelper.app */;
			productType = "com.apple.product-type.application";
		};
		B2ACAD6C2AD24245005485AC /* CodableHelperTests */ = {
			isa = PBXNativeTarget;
			buildConfigurationList = B2ACAD842AD24245005485AC /* Build configuration list for PBXNativeTarget "CodableHelperTests" */;
			buildPhases = (
				B2ACAD692AD24245005485AC /* Sources */,
				B2ACAD6A2AD24245005485AC /* Frameworks */,
				B2ACAD6B2AD24245005485AC /* Resources */,
			);
			buildRules = (
			);
			dependencies = (
				B2ACAD6F2AD24245005485AC /* PBXTargetDependency */,
			);
			name = CodableHelperTests;
			productName = CodableHelperTests;
			productReference = B2ACAD6D2AD24245005485AC /* CodableHelperTests.xctest */;
			productType = "com.apple.product-type.bundle.unit-test";
		};
		B2ACAD762AD24245005485AC /* CodableHelperUITests */ = {
			isa = PBXNativeTarget;
			buildConfigurationList = B2ACAD872AD24245005485AC /* Build configuration list for PBXNativeTarget "CodableHelperUITests" */;
			buildPhases = (
				B2ACAD732AD24245005485AC /* Sources */,
				B2ACAD742AD24245005485AC /* Frameworks */,
				B2ACAD752AD24245005485AC /* Resources */,
			);
			buildRules = (
			);
			dependencies = (
				B2ACAD792AD24245005485AC /* PBXTargetDependency */,
			);
			name = CodableHelperUITests;
			productName = CodableHelperUITests;
			productReference = B2ACAD772AD24245005485AC /* CodableHelperUITests.xctest */;
			productType = "com.apple.product-type.bundle.ui-testing";
		};
		B2ACAD8D2AD24253005485AC /* CodableHelperEx */ = {
			isa = PBXNativeTarget;
			buildConfigurationList = B2ACAD9E2AD24253005485AC /* Build configuration list for PBXNativeTarget "CodableHelperEx" */;
			buildPhases = (
				B2ACAD8A2AD24253005485AC /* Sources */,
				B2ACAD8B2AD24253005485AC /* Frameworks */,
				B2ACAD8C2AD24253005485AC /* Resources */,
				B2ACADA52AD24278005485AC /* Embed Frameworks */,
			);
			buildRules = (
			);
			dependencies = (
			);
			name = CodableHelperEx;
			productName = CodableHelperEx;
			productReference = B2ACAD8E2AD24253005485AC /* CodableHelperEx.appex */;
			productType = "com.apple.product-type.xcode-extension";
		};
/* End PBXNativeTarget section */

/* Begin PBXProject section */
		B2ACAD542AD24243005485AC /* Project object */ = {
			isa = PBXProject;
			attributes = {
				BuildIndependentTargetsInParallel = 1;
				LastSwiftUpdateCheck = 1430;
				LastUpgradeCheck = 1430;
				TargetAttributes = {
					B2ACAD5B2AD24243005485AC = {
						CreatedOnToolsVersion = 14.3.1;
					};
					B2ACAD6C2AD24245005485AC = {
						CreatedOnToolsVersion = 14.3.1;
						TestTargetID = B2ACAD5B2AD24243005485AC;
					};
					B2ACAD762AD24245005485AC = {
						CreatedOnToolsVersion = 14.3.1;
						TestTargetID = B2ACAD5B2AD24243005485AC;
					};
					B2ACAD8D2AD24253005485AC = {
						CreatedOnToolsVersion = 14.3.1;
					};
				};
			};
			buildConfigurationList = B2ACAD572AD24243005485AC /* Build configuration list for PBXProject "CodableHelper" */;
			compatibilityVersion = "Xcode 14.0";
			developmentRegion = en;
			hasScannedForEncodings = 0;
			knownRegions = (
				en,
				Base,
			);
			mainGroup = B2ACAD532AD24243005485AC;
			productRefGroup = B2ACAD5D2AD24243005485AC /* Products */;
			projectDirPath = "";
			projectRoot = "";
			targets = (
				B2ACAD5B2AD24243005485AC /* CodableHelper */,
				B2ACAD6C2AD24245005485AC /* CodableHelperTests */,
				B2ACAD762AD24245005485AC /* CodableHelperUITests */,
				B2ACAD8D2AD24253005485AC /* CodableHelperEx */,
			);
		};
/* End PBXProject section */

/* Begin PBXResourcesBuildPhase section */
		B2ACAD5A2AD24243005485AC /* Resources */ = {
			isa = PBXResourcesBuildPhase;
			buildActionMask = 2147483647;
			files = (
				B2ACAD642AD24245005485AC /* Assets.xcassets in Resources */,
				B2ACAD672AD24245005485AC /* Main.storyboard in Resources */,
			);
			runOnlyForDeploymentPostprocessing = 0;
		};
		B2ACAD6B2AD24245005485AC /* Resources */ = {
			isa = PBXResourcesBuildPhase;
			buildActionMask = 2147483647;
			files = (
			);
			runOnlyForDeploymentPostprocessing = 0;
		};
		B2ACAD752AD24245005485AC /* Resources */ = {
			isa = PBXResourcesBuildPhase;
			buildActionMask = 2147483647;
			files = (
			);
			runOnlyForDeploymentPostprocessing = 0;
		};
		B2ACAD8C2AD24253005485AC /* Resources */ = {
			isa = PBXResourcesBuildPhase;
			buildActionMask = 2147483647;
			files = (
			);
			runOnlyForDeploymentPostprocessing = 0;
		};
/* End PBXResourcesBuildPhase section */

/* Begin PBXSourcesBuildPhase section */
		B2ACAD582AD24243005485AC /* Sources */ = {
			isa = PBXSourcesBuildPhase;
			buildActionMask = 2147483647;
			files = (
				B2ACAD622AD24243005485AC /* ViewController.swift in Sources */,
				B2ACAD602AD24243005485AC /* AppDelegate.swift in Sources */,
			);
			runOnlyForDeploymentPostprocessing = 0;
		};
		B2ACAD692AD24245005485AC /* Sources */ = {
			isa = PBXSourcesBuildPhase;
			buildActionMask = 2147483647;
			files = (
				B2ACAD722AD24245005485AC /* CodableHelperTests.swift in Sources */,
			);
			runOnlyForDeploymentPostprocessing = 0;
		};
		B2ACAD732AD24245005485AC /* Sources */ = {
			isa = PBXSourcesBuildPhase;
			buildActionMask = 2147483647;
			files = (
				B2ACAD7C2AD24245005485AC /* CodableHelperUITests.swift in Sources */,
				B2ACAD7E2AD24245005485AC /* CodableHelperUITestsLaunchTests.swift in Sources */,
			);
			runOnlyForDeploymentPostprocessing = 0;
		};
		B2ACAD8A2AD24253005485AC /* Sources */ = {
			isa = PBXSourcesBuildPhase;
			buildActionMask = 2147483647;
			files = (
				B2ACAD962AD24253005485AC /* SourceEditorExtension.swift in Sources */,
				B2ACAD982AD24253005485AC /* SourceEditorCommand.swift in Sources */,
				B2ACADAB2AD2BAC3005485AC /* PropertyEntity.swift in Sources */,
			);
			runOnlyForDeploymentPostprocessing = 0;
		};
/* End PBXSourcesBuildPhase section */

/* Begin PBXTargetDependency section */
		B2ACAD6F2AD24245005485AC /* PBXTargetDependency */ = {
			isa = PBXTargetDependency;
			target = B2ACAD5B2AD24243005485AC /* CodableHelper */;
			targetProxy = B2ACAD6E2AD24245005485AC /* PBXContainerItemProxy */;
		};
		B2ACAD792AD24245005485AC /* PBXTargetDependency */ = {
			isa = PBXTargetDependency;
			target = B2ACAD5B2AD24243005485AC /* CodableHelper */;
			targetProxy = B2ACAD782AD24245005485AC /* PBXContainerItemProxy */;
		};
		B2ACAD9C2AD24253005485AC /* PBXTargetDependency */ = {
			isa = PBXTargetDependency;
			target = B2ACAD8D2AD24253005485AC /* CodableHelperEx */;
			targetProxy = B2ACAD9B2AD24253005485AC /* PBXContainerItemProxy */;
		};
/* End PBXTargetDependency section */

/* Begin PBXVariantGroup section */
		B2ACAD652AD24245005485AC /* Main.storyboard */ = {
			isa = PBXVariantGroup;
			children = (
				B2ACAD662AD24245005485AC /* Base */,
			);
			name = Main.storyboard;
			sourceTree = "<group>";
		};
/* End PBXVariantGroup section */

/* Begin XCBuildConfiguration section */
		B2ACAD7F2AD24245005485AC /* Debug */ = {
			isa = XCBuildConfiguration;
			buildSettings = {
				ALWAYS_SEARCH_USER_PATHS = NO;
				CLANG_ANALYZER_NONNULL = YES;
				CLANG_ANALYZER_NUMBER_OBJECT_CONVERSION = YES_AGGRESSIVE;
				CLANG_CXX_LANGUAGE_STANDARD = "gnu++20";
				CLANG_ENABLE_MODULES = YES;
				CLANG_ENABLE_OBJC_ARC = YES;
				CLANG_ENABLE_OBJC_WEAK = YES;
				CLANG_WARN_BLOCK_CAPTURE_AUTORELEASING = YES;
				CLANG_WARN_BOOL_CONVERSION = YES;
				CLANG_WARN_COMMA = YES;
				CLANG_WARN_CONSTANT_CONVERSION = YES;
				CLANG_WARN_DEPRECATED_OBJC_IMPLEMENTATIONS = YES;
				CLANG_WARN_DIRECT_OBJC_ISA_USAGE = YES_ERROR;
				CLANG_WARN_DOCUMENTATION_COMMENTS = YES;
				CLANG_WARN_EMPTY_BODY = YES;
				CLANG_WARN_ENUM_CONVERSION = YES;
				CLANG_WARN_INFINITE_RECURSION = YES;
				CLANG_WARN_INT_CONVERSION = YES;
				CLANG_WARN_NON_LITERAL_NULL_CONVERSION = YES;
				CLANG_WARN_OBJC_IMPLICIT_RETAIN_SELF = YES;
				CLANG_WARN_OBJC_LITERAL_CONVERSION = YES;
				CLANG_WARN_OBJC_ROOT_CLASS = YES_ERROR;
				CLANG_WARN_QUOTED_INCLUDE_IN_FRAMEWORK_HEADER = YES;
				CLANG_WARN_RANGE_LOOP_ANALYSIS = YES;
				CLANG_WARN_STRICT_PROTOTYPES = YES;
				CLANG_WARN_SUSPICIOUS_MOVE = YES;
				CLANG_WARN_UNGUARDED_AVAILABILITY = YES_AGGRESSIVE;
				CLANG_WARN_UNREACHABLE_CODE = YES;
				CLANG_WARN__DUPLICATE_METHOD_MATCH = YES;
				COPY_PHASE_STRIP = NO;
				DEBUG_INFORMATION_FORMAT = dwarf;
				ENABLE_STRICT_OBJC_MSGSEND = YES;
				ENABLE_TESTABILITY = YES;
				GCC_C_LANGUAGE_STANDARD = gnu11;
				GCC_DYNAMIC_NO_PIC = NO;
				GCC_NO_COMMON_BLOCKS = YES;
				GCC_OPTIMIZATION_LEVEL = 0;
				GCC_PREPROCESSOR_DEFINITIONS = (
					"DEBUG=1",
					"$(inherited)",
				);
				GCC_WARN_64_TO_32_BIT_CONVERSION = YES;
				GCC_WARN_ABOUT_RETURN_TYPE = YES_ERROR;
				GCC_WARN_UNDECLARED_SELECTOR = YES;
				GCC_WARN_UNINITIALIZED_AUTOS = YES_AGGRESSIVE;
				GCC_WARN_UNUSED_FUNCTION = YES;
				GCC_WARN_UNUSED_VARIABLE = YES;
				MACOSX_DEPLOYMENT_TARGET = 13.3;
				MTL_ENABLE_DEBUG_INFO = INCLUDE_SOURCE;
				MTL_FAST_MATH = YES;
				ONLY_ACTIVE_ARCH = YES;
				SDKROOT = macosx;
				SWIFT_ACTIVE_COMPILATION_CONDITIONS = DEBUG;
				SWIFT_OPTIMIZATION_LEVEL = "-Onone";
			};
			name = Debug;
		};
		B2ACAD802AD24245005485AC /* Release */ = {
			isa = XCBuildConfiguration;
			buildSettings = {
				ALWAYS_SEARCH_USER_PATHS = NO;
				CLANG_ANALYZER_NONNULL = YES;
				CLANG_ANALYZER_NUMBER_OBJECT_CONVERSION = YES_AGGRESSIVE;
				CLANG_CXX_LANGUAGE_STANDARD = "gnu++20";
				CLANG_ENABLE_MODULES = YES;
				CLANG_ENABLE_OBJC_ARC = YES;
				CLANG_ENABLE_OBJC_WEAK = YES;
				CLANG_WARN_BLOCK_CAPTURE_AUTORELEASING = YES;
				CLANG_WARN_BOOL_CONVERSION = YES;
				CLANG_WARN_COMMA = YES;
				CLANG_WARN_CONSTANT_CONVERSION = YES;
				CLANG_WARN_DEPRECATED_OBJC_IMPLEMENTATIONS = YES;
				CLANG_WARN_DIRECT_OBJC_ISA_USAGE = YES_ERROR;
				CLANG_WARN_DOCUMENTATION_COMMENTS = YES;
				CLANG_WARN_EMPTY_BODY = YES;
				CLANG_WARN_ENUM_CONVERSION = YES;
				CLANG_WARN_INFINITE_RECURSION = YES;
				CLANG_WARN_INT_CONVERSION = YES;
				CLANG_WARN_NON_LITERAL_NULL_CONVERSION = YES;
				CLANG_WARN_OBJC_IMPLICIT_RETAIN_SELF = YES;
				CLANG_WARN_OBJC_LITERAL_CONVERSION = YES;
				CLANG_WARN_OBJC_ROOT_CLASS = YES_ERROR;
				CLANG_WARN_QUOTED_INCLUDE_IN_FRAMEWORK_HEADER = YES;
				CLANG_WARN_RANGE_LOOP_ANALYSIS = YES;
				CLANG_WARN_STRICT_PROTOTYPES = YES;
				CLANG_WARN_SUSPICIOUS_MOVE = YES;
				CLANG_WARN_UNGUARDED_AVAILABILITY = YES_AGGRESSIVE;
				CLANG_WARN_UNREACHABLE_CODE = YES;
				CLANG_WARN__DUPLICATE_METHOD_MATCH = YES;
				COPY_PHASE_STRIP = NO;
				DEBUG_INFORMATION_FORMAT = "dwarf-with-dsym";
				ENABLE_NS_ASSERTIONS = NO;
				ENABLE_STRICT_OBJC_MSGSEND = YES;
				GCC_C_LANGUAGE_STANDARD = gnu11;
				GCC_NO_COMMON_BLOCKS = YES;
				GCC_WARN_64_TO_32_BIT_CONVERSION = YES;
				GCC_WARN_ABOUT_RETURN_TYPE = YES_ERROR;
				GCC_WARN_UNDECLARED_SELECTOR = YES;
				GCC_WARN_UNINITIALIZED_AUTOS = YES_AGGRESSIVE;
				GCC_WARN_UNUSED_FUNCTION = YES;
				GCC_WARN_UNUSED_VARIABLE = YES;
				MACOSX_DEPLOYMENT_TARGET = 13.3;
				MTL_ENABLE_DEBUG_INFO = NO;
				MTL_FAST_MATH = YES;
				SDKROOT = macosx;
				SWIFT_COMPILATION_MODE = wholemodule;
				SWIFT_OPTIMIZATION_LEVEL = "-O";
			};
			name = Release;
		};
		B2ACAD822AD24245005485AC /* Debug */ = {
			isa = XCBuildConfiguration;
			buildSettings = {
				ALWAYS_EMBED_SWIFT_STANDARD_LIBRARIES = YES;
				ASSETCATALOG_COMPILER_APPICON_NAME = AppIcon;
				ASSETCATALOG_COMPILER_GLOBAL_ACCENT_COLOR_NAME = AccentColor;
				CODE_SIGN_ENTITLEMENTS = CodableHelper/CodableHelper.entitlements;
				CODE_SIGN_STYLE = Automatic;
				COMBINE_HIDPI_IMAGES = YES;
				CURRENT_PROJECT_VERSION = 1;
				DEVELOPMENT_TEAM = UNR72UUVF4;
				GENERATE_INFOPLIST_FILE = YES;
				INFOPLIST_KEY_NSHumanReadableCopyright = "";
				INFOPLIST_KEY_NSMainStoryboardFile = Main;
				INFOPLIST_KEY_NSPrincipalClass = NSApplication;
				LD_RUNPATH_SEARCH_PATHS = (
					"$(inherited)",
					"@executable_path/../Frameworks",
				);
				MARKETING_VERSION = 1.0;
				PRODUCT_BUNDLE_IDENTIFIER = com.monkey.CodableHelper;
				PRODUCT_NAME = "$(TARGET_NAME)";
				SWIFT_EMIT_LOC_STRINGS = YES;
				SWIFT_VERSION = 5.0;
			};
			name = Debug;
		};
		B2ACAD832AD24245005485AC /* Release */ = {
			isa = XCBuildConfiguration;
			buildSettings = {
				ALWAYS_EMBED_SWIFT_STANDARD_LIBRARIES = YES;
				ASSETCATALOG_COMPILER_APPICON_NAME = AppIcon;
				ASSETCATALOG_COMPILER_GLOBAL_ACCENT_COLOR_NAME = AccentColor;
				CODE_SIGN_ENTITLEMENTS = CodableHelper/CodableHelper.entitlements;
				CODE_SIGN_STYLE = Automatic;
				COMBINE_HIDPI_IMAGES = YES;
				CURRENT_PROJECT_VERSION = 1;
				DEVELOPMENT_TEAM = UNR72UUVF4;
				GENERATE_INFOPLIST_FILE = YES;
				INFOPLIST_KEY_NSHumanReadableCopyright = "";
				INFOPLIST_KEY_NSMainStoryboardFile = Main;
				INFOPLIST_KEY_NSPrincipalClass = NSApplication;
				LD_RUNPATH_SEARCH_PATHS = (
					"$(inherited)",
					"@executable_path/../Frameworks",
				);
				MARKETING_VERSION = 1.0;
				PRODUCT_BUNDLE_IDENTIFIER = com.monkey.CodableHelper;
				PRODUCT_NAME = "$(TARGET_NAME)";
				SWIFT_EMIT_LOC_STRINGS = YES;
				SWIFT_VERSION = 5.0;
			};
			name = Release;
		};
		B2ACAD852AD24245005485AC /* Debug */ = {
			isa = XCBuildConfiguration;
			buildSettings = {
				ALWAYS_EMBED_SWIFT_STANDARD_LIBRARIES = YES;
				BUNDLE_LOADER = "$(TEST_HOST)";
				CODE_SIGN_STYLE = Automatic;
				CURRENT_PROJECT_VERSION = 1;
				GENERATE_INFOPLIST_FILE = YES;
				MACOSX_DEPLOYMENT_TARGET = 13.3;
				MARKETING_VERSION = 1.0;
				PRODUCT_BUNDLE_IDENTIFIER = com.monkey.CodableHelperTests;
				PRODUCT_NAME = "$(TARGET_NAME)";
				SWIFT_EMIT_LOC_STRINGS = NO;
				SWIFT_VERSION = 5.0;
				TEST_HOST = "$(BUILT_PRODUCTS_DIR)/CodableHelper.app/$(BUNDLE_EXECUTABLE_FOLDER_PATH)/CodableHelper";
			};
			name = Debug;
		};
		B2ACAD862AD24245005485AC /* Release */ = {
			isa = XCBuildConfiguration;
			buildSettings = {
				ALWAYS_EMBED_SWIFT_STANDARD_LIBRARIES = YES;
				BUNDLE_LOADER = "$(TEST_HOST)";
				CODE_SIGN_STYLE = Automatic;
				CURRENT_PROJECT_VERSION = 1;
				GENERATE_INFOPLIST_FILE = YES;
				MACOSX_DEPLOYMENT_TARGET = 13.3;
				MARKETING_VERSION = 1.0;
				PRODUCT_BUNDLE_IDENTIFIER = com.monkey.CodableHelperTests;
				PRODUCT_NAME = "$(TARGET_NAME)";
				SWIFT_EMIT_LOC_STRINGS = NO;
				SWIFT_VERSION = 5.0;
				TEST_HOST = "$(BUILT_PRODUCTS_DIR)/CodableHelper.app/$(BUNDLE_EXECUTABLE_FOLDER_PATH)/CodableHelper";
			};
			name = Release;
		};
		B2ACAD882AD24245005485AC /* Debug */ = {
			isa = XCBuildConfiguration;
			buildSettings = {
				ALWAYS_EMBED_SWIFT_STANDARD_LIBRARIES = YES;
				CODE_SIGN_STYLE = Automatic;
				CURRENT_PROJECT_VERSION = 1;
				GENERATE_INFOPLIST_FILE = YES;
				MARKETING_VERSION = 1.0;
				PRODUCT_BUNDLE_IDENTIFIER = com.monkey.CodableHelperUITests;
				PRODUCT_NAME = "$(TARGET_NAME)";
				SWIFT_EMIT_LOC_STRINGS = NO;
				SWIFT_VERSION = 5.0;
				TEST_TARGET_NAME = CodableHelper;
			};
			name = Debug;
		};
		B2ACAD892AD24245005485AC /* Release */ = {
			isa = XCBuildConfiguration;
			buildSettings = {
				ALWAYS_EMBED_SWIFT_STANDARD_LIBRARIES = YES;
				CODE_SIGN_STYLE = Automatic;
				CURRENT_PROJECT_VERSION = 1;
				GENERATE_INFOPLIST_FILE = YES;
				MARKETING_VERSION = 1.0;
				PRODUCT_BUNDLE_IDENTIFIER = com.monkey.CodableHelperUITests;
				PRODUCT_NAME = "$(TARGET_NAME)";
				SWIFT_EMIT_LOC_STRINGS = NO;
				SWIFT_VERSION = 5.0;
				TEST_TARGET_NAME = CodableHelper;
			};
			name = Release;
		};
		B2ACAD9F2AD24253005485AC /* Debug */ = {
			isa = XCBuildConfiguration;
			buildSettings = {
				CODE_SIGN_ENTITLEMENTS = CodableHelperEx/CodableHelperEx.entitlements;
				CODE_SIGN_STYLE = Automatic;
				COMBINE_HIDPI_IMAGES = YES;
				CURRENT_PROJECT_VERSION = 1;
				DEVELOPMENT_TEAM = UNR72UUVF4;
				GENERATE_INFOPLIST_FILE = YES;
				INFOPLIST_FILE = CodableHelperEx/Info.plist;
				INFOPLIST_KEY_CFBundleDisplayName = CodableHelperEx;
				INFOPLIST_KEY_NSHumanReadableCopyright = "";
				LD_RUNPATH_SEARCH_PATHS = (
					"$(inherited)",
					"@executable_path/../Frameworks",
					"@executable_path/../../../../Frameworks",
				);
				MARKETING_VERSION = 1.0;
				PRODUCT_BUNDLE_IDENTIFIER = com.monkey.CodableHelper.CodableHelperEx;
				PRODUCT_NAME = "$(TARGET_NAME)";
				SKIP_INSTALL = YES;
				SWIFT_EMIT_LOC_STRINGS = YES;
				SWIFT_VERSION = 5.0;
			};
			name = Debug;
		};
		B2ACADA02AD24253005485AC /* Release */ = {
			isa = XCBuildConfiguration;
			buildSettings = {
				CODE_SIGN_ENTITLEMENTS = CodableHelperEx/CodableHelperEx.entitlements;
				CODE_SIGN_STYLE = Automatic;
				COMBINE_HIDPI_IMAGES = YES;
				CURRENT_PROJECT_VERSION = 1;
				DEVELOPMENT_TEAM = UNR72UUVF4;
				GENERATE_INFOPLIST_FILE = YES;
				INFOPLIST_FILE = CodableHelperEx/Info.plist;
				INFOPLIST_KEY_CFBundleDisplayName = CodableHelperEx;
				INFOPLIST_KEY_NSHumanReadableCopyright = "";
				LD_RUNPATH_SEARCH_PATHS = (
					"$(inherited)",
					"@executable_path/../Frameworks",
					"@executable_path/../../../../Frameworks",
				);
				MARKETING_VERSION = 1.0;
				PRODUCT_BUNDLE_IDENTIFIER = com.monkey.CodableHelper.CodableHelperEx;
				PRODUCT_NAME = "$(TARGET_NAME)";
				SKIP_INSTALL = YES;
				SWIFT_EMIT_LOC_STRINGS = YES;
				SWIFT_VERSION = 5.0;
			};
			name = Release;
		};
/* End XCBuildConfiguration section */

/* Begin XCConfigurationList section */
		B2ACAD572AD24243005485AC /* Build configuration list for PBXProject "CodableHelper" */ = {
			isa = XCConfigurationList;
			buildConfigurations = (
				B2ACAD7F2AD24245005485AC /* Debug */,
				B2ACAD802AD24245005485AC /* Release */,
			);
			defaultConfigurationIsVisible = 0;
			defaultConfigurationName = Release;
		};
		B2ACAD812AD24245005485AC /* Build configuration list for PBXNativeTarget "CodableHelper" */ = {
			isa = XCConfigurationList;
			buildConfigurations = (
				B2ACAD822AD24245005485AC /* Debug */,
				B2ACAD832AD24245005485AC /* Release */,
			);
			defaultConfigurationIsVisible = 0;
			defaultConfigurationName = Release;
		};
		B2ACAD842AD24245005485AC /* Build configuration list for PBXNativeTarget "CodableHelperTests" */ = {
			isa = XCConfigurationList;
			buildConfigurations = (
				B2ACAD852AD24245005485AC /* Debug */,
				B2ACAD862AD24245005485AC /* Release */,
			);
			defaultConfigurationIsVisible = 0;
			defaultConfigurationName = Release;
		};
		B2ACAD872AD24245005485AC /* Build configuration list for PBXNativeTarget "CodableHelperUITests" */ = {
			isa = XCConfigurationList;
			buildConfigurations = (
				B2ACAD882AD24245005485AC /* Debug */,
				B2ACAD892AD24245005485AC /* Release */,
			);
			defaultConfigurationIsVisible = 0;
			defaultConfigurationName = Release;
		};
		B2ACAD9E2AD24253005485AC /* Build configuration list for PBXNativeTarget "CodableHelperEx" */ = {
			isa = XCConfigurationList;
			buildConfigurations = (
				B2ACAD9F2AD24253005485AC /* Debug */,
				B2ACADA02AD24253005485AC /* Release */,
			);
			defaultConfigurationIsVisible = 0;
			defaultConfigurationName = Release;
		};
/* End XCConfigurationList section */
	};
	rootObject = B2ACAD542AD24243005485AC /* Project object */;
}
